// !$*UTF8*$!
{
	archiveVersion = 1;
	classes = {
	};
	objectVersion = 50;
	objects = {

/* Begin PBXBuildFile section */
		BADF3C9B243D28A90009EF1A /* AppDelegate.swift in Sources */ = {isa = PBXBuildFile; fileRef = BADF3C9A243D28A90009EF1A /* AppDelegate.swift */; };
		BADF3C9D243D28A90009EF1A /* SceneDelegate.swift in Sources */ = {isa = PBXBuildFile; fileRef = BADF3C9C243D28A90009EF1A /* SceneDelegate.swift */; };
		BADF3C9F243D28A90009EF1A /* ViewController.swift in Sources */ = {isa = PBXBuildFile; fileRef = BADF3C9E243D28A90009EF1A /* ViewController.swift */; };
		BADF3CA2243D28A90009EF1A /* Main.storyboard in Resources */ = {isa = PBXBuildFile; fileRef = BADF3CA0243D28A90009EF1A /* Main.storyboard */; };
		BADF3CA4243D28AB0009EF1A /* Assets.xcassets in Resources */ = {isa = PBXBuildFile; fileRef = BADF3CA3243D28AB0009EF1A /* Assets.xcassets */; };
		BADF3CA7243D28AB0009EF1A /* LaunchScreen.storyboard in Resources */ = {isa = PBXBuildFile; fileRef = BADF3CA5243D28AB0009EF1A /* LaunchScreen.storyboard */; };
		BADF3CAF243D2D290009EF1A /* StudentCell.swift in Sources */ = {isa = PBXBuildFile; fileRef = BADF3CAE243D2D290009EF1A /* StudentCell.swift */; };
/* End PBXBuildFile section */

/* Begin PBXFileReference section */
		BADF3C97243D28A90009EF1A /* Unit 1 Lab.app */ = {isa = PBXFileReference; explicitFileType = wrapper.application; includeInIndex = 0; path = "Unit 1 Lab.app"; sourceTree = BUILT_PRODUCTS_DIR; };
		BADF3C9A243D28A90009EF1A /* AppDelegate.swift */ = {isa = PBXFileReference; lastKnownFileType = sourcecode.swift; path = AppDelegate.swift; sourceTree = "<group>"; };
		BADF3C9C243D28A90009EF1A /* SceneDelegate.swift */ = {isa = PBXFileReference; lastKnownFileType = sourcecode.swift; path = SceneDelegate.swift; sourceTree = "<group>"; };
		BADF3C9E243D28A90009EF1A /* ViewController.swift */ = {isa = PBXFileReference; lastKnownFileType = sourcecode.swift; path = ViewController.swift; sourceTree = "<group>"; };
		BADF3CA1243D28A90009EF1A /* Base */ = {isa = PBXFileReference; lastKnownFileType = file.storyboard; name = Base; path = Base.lproj/Main.storyboard; sourceTree = "<group>"; };
		BADF3CA3243D28AB0009EF1A /* Assets.xcassets */ = {isa = PBXFileReference; lastKnownFileType = folder.assetcatalog; path = Assets.xcassets; sourceTree = "<group>"; };
		BADF3CA6243D28AB0009EF1A /* Base */ = {isa = PBXFileReference; lastKnownFileType = file.storyboard; name = Base; path = Base.lproj/LaunchScreen.storyboard; sourceTree = "<group>"; };
		BADF3CA8243D28AB0009EF1A /* Info.plist */ = {isa = PBXFileReference; lastKnownFileType = text.plist.xml; path = Info.plist; sourceTree = "<group>"; };
		BADF3CAE243D2D290009EF1A /* StudentCell.swift */ = {isa = PBXFileReference; lastKnownFileType = sourcecode.swift; path = StudentCell.swift; sourceTree = "<group>"; };
/* End PBXFileReference section */

/* Begin PBXFrameworksBuildPhase section */
		BADF3C94243D28A90009EF1A /* Frameworks */ = {
			isa = PBXFrameworksBuildPhase;
			buildActionMask = 2147483647;
			files = (
			);
			runOnlyForDeploymentPostprocessing = 0;
		};
/* End PBXFrameworksBuildPhase section */

/* Begin PBXGroup section */
		BADF3C8E243D28A90009EF1A = {
			isa = PBXGroup;
			children = (
				BADF3C99243D28A90009EF1A /* Unit 1 Lab */,
				BADF3C98243D28A90009EF1A /* Products */,
			);
			sourceTree = "<group>";
		};
		BADF3C98243D28A90009EF1A /* Products */ = {
			isa = PBXGroup;
			children = (
				BADF3C97243D28A90009EF1A /* Unit 1 Lab.app */,
			);
			name = Products;
			sourceTree = "<group>";
		};
		BADF3C99243D28A90009EF1A /* Unit 1 Lab */ = {
			isa = PBXGroup;
			children = (
				BADF3C9A243D28A90009EF1A /* AppDelegate.swift */,
				BADF3C9C243D28A90009EF1A /* SceneDelegate.swift */,
				BADF3C9E243D28A90009EF1A /* ViewController.swift */,
				BADF3CA0243D28A90009EF1A /* Main.storyboard */,
				BADF3CA3243D28AB0009EF1A /* Assets.xcassets */,
				BADF3CA5243D28AB0009EF1A /* LaunchScreen.storyboard */,
				BADF3CA8243D28AB0009EF1A /* Info.plist */,
				BADF3CAE243D2D290009EF1A /* StudentCell.swift */,
			);
			path = "Unit 1 Lab";
			sourceTree = "<group>";
		};
/* End PBXGroup section */

/* Begin PBXNativeTarget section */
		BADF3C96243D28A90009EF1A /* Unit 1 Lab */ = {
			isa = PBXNativeTarget;
			buildConfigurationList = BADF3CAB243D28AB0009EF1A /* Build configuration list for PBXNativeTarget "Unit 1 Lab" */;
			buildPhases = (
				BADF3C93243D28A90009EF1A /* Sources */,
				BADF3C94243D28A90009EF1A /* Frameworks */,
				BADF3C95243D28A90009EF1A /* Resources */,
			);
			buildRules = (
			);
			dependencies = (
			);
			name = "Unit 1 Lab";
			productName = "Unit 1 Lab";
			productReference = BADF3C97243D28A90009EF1A /* Unit 1 Lab.app */;
			productType = "com.apple.product-type.application";
		};
/* End PBXNativeTarget section */

/* Begin PBXProject section */
		BADF3C8F243D28A90009EF1A /* Project object */ = {
			isa = PBXProject;
			attributes = {
				LastSwiftUpdateCheck = 1120;
				LastUpgradeCheck = 1120;
				ORGANIZATIONNAME = "Mingjia Wang";
				TargetAttributes = {
					BADF3C96243D28A90009EF1A = {
						CreatedOnToolsVersion = 11.2;
					};
				};
			};
			buildConfigurationList = BADF3C92243D28A90009EF1A /* Build configuration list for PBXProject "Unit 1 Lab" */;
			compatibilityVersion = "Xcode 9.3";
			developmentRegion = en;
			hasScannedForEncodings = 0;
			knownRegions = (
				en,
				Base,
			);
			mainGroup = BADF3C8E243D28A90009EF1A;
			productRefGroup = BADF3C98243D28A90009EF1A /* Products */;
			projectDirPath = "";
			projectRoot = "";
			targets = (
				BADF3C96243D28A90009EF1A /* Unit 1 Lab */,
			);
		};
/* End PBXProject section */

/* Begin PBXResourcesBuildPhase section */
		BADF3C95243D28A90009EF1A /* Resources */ = {
			isa = PBXResourcesBuildPhase;
			buildActionMask = 2147483647;
			files = (
				BADF3CA7243D28AB0009EF1A /* LaunchScreen.storyboard in Resources */,
				BADF3CA4243D28AB0009EF1A /* Assets.xcassets in Resources */,
				BADF3CA2243D28A90009EF1A /* Main.storyboard in Resources */,
			);
			runOnlyForDeploymentPostprocessing = 0;
		};
/* End PBXResourcesBuildPhase section */

/* Begin PBXSourcesBuildPhase section */
		BADF3C93243D28A90009EF1A /* Sources */ = {
			isa = PBXSourcesBuildPhase;
			buildActionMask = 2147483647;
			files = (
				BADF3C9F243D28A90009EF1A /* ViewController.swift in Sources */,
				BADF3C9B243D28A90009EF1A /* AppDelegate.swift in Sources */,
				BADF3C9D243D28A90009EF1A /* SceneDelegate.swift in Sources */,
				BADF3CAF243D2D290009EF1A /* StudentCell.swift in Sources */,
			);
			runOnlyForDeploymentPostprocessing = 0;
		};
/* End PBXSourcesBuildPhase section */

/* Begin PBXVariantGroup section */
		BADF3CA0243D28A90009EF1A /* Main.storyboard */ = {
			isa = PBXVariantGroup;
			children = (
				BADF3CA1243D28A90009EF1A /* Base */,
			);
			name = Main.storyboard;
			sourceTree = "<group>";
		};
		BADF3CA5243D28AB0009EF1A /* LaunchScreen.storyboard */ = {
			isa = PBXVariantGroup;
			children = (
				BADF3CA6243D28AB0009EF1A /* Base */,
			);
			name = LaunchScreen.storyboard;
			sourceTree = "<group>";
		};
/* End PBXVariantGroup section */

/* Begin XCBuildConfiguration section */
		BADF3CA9243D28AB0009EF1A /* Debug */ = {
			isa = XCBuildConfiguration;
			buildSettings = {
				ALWAYS_SEARCH_USER_PATHS = NO;
				CLANG_ANALYZER_NONNULL = YES;
				CLANG_ANALYZER_NUMBER_OBJECT_CONVERSION = YES_AGGRESSIVE;
				CLANG_CXX_LANGUAGE_STANDARD = "gnu++14";
				CLANG_CXX_LIBRARY = "libc++";
				CLANG_ENABLE_MODULES = YES;
				CLANG_ENABLE_OBJC_ARC = YES;
				CLANG_ENABLE_OBJC_WEAK = YES;
				CLANG_WARN_BLOCK_CAPTURE_AUTORELEASING = YES;
				CLANG_WARN_BOOL_CONVERSION = YES;
				CLANG_WARN_COMMA = YES;
				CLANG_WARN_CONSTANT_CONVERSION = YES;
				CLANG_WARN_DEPRECATED_OBJC_IMPLEMENTATIONS = YES;
				CLANG_WARN_DIRECT_OBJC_ISA_USAGE = YES_ERROR;
				CLANG_WARN_DOCUMENTATION_COMMENTS = YES;
				CLANG_WARN_EMPTY_BODY = YES;
				CLANG_WARN_ENUM_CONVERSION = YES;
				CLANG_WARN_INFINITE_RECURSION = YES;
				CLANG_WARN_INT_CONVERSION = YES;
				CLANG_WARN_NON_LITERAL_NULL_CONVERSION = YES;
				CLANG_WARN_OBJC_IMPLICIT_RETAIN_SELF = YES;
				CLANG_WARN_OBJC_LITERAL_CONVERSION = YES;
				CLANG_WARN_OBJC_ROOT_CLASS = YES_ERROR;
				CLANG_WARN_RANGE_LOOP_ANALYSIS = YES;
				CLANG_WARN_STRICT_PROTOTYPES = YES;
				CLANG_WARN_SUSPICIOUS_MOVE = YES;
				CLANG_WARN_UNGUARDED_AVAILABILITY = YES_AGGRESSIVE;
				CLANG_WARN_UNREACHABLE_CODE = YES;
				CLANG_WARN__DUPLICATE_METHOD_MATCH = YES;
				COPY_PHASE_STRIP = NO;
				DEBUG_INFORMATION_FORMAT = dwarf;
				ENABLE_STRICT_OBJC_MSGSEND = YES;
				ENABLE_TESTABILITY = YES;
				GCC_C_LANGUAGE_STANDARD = gnu11;
				GCC_DYNAMIC_NO_PIC = NO;
				GCC_NO_COMMON_BLOCKS = YES;
				GCC_OPTIMIZATION_LEVEL = 0;
				GCC_PREPROCESSOR_DEFINITIONS = (
					"DEBUG=1",
					"$(inherited)",
				);
				GCC_WARN_64_TO_32_BIT_CONVERSION = YES;
				GCC_WARN_ABOUT_RETURN_TYPE = YES_ERROR;
				GCC_WARN_UNDECLARED_SELECTOR = YES;
				GCC_WARN_UNINITIALIZED_AUTOS = YES_AGGRESSIVE;
				GCC_WARN_UNUSED_FUNCTION = YES;
				GCC_WARN_UNUSED_VARIABLE = YES;
				IPHONEOS_DEPLOYMENT_TARGET = 13.2;
				MTL_ENABLE_DEBUG_INFO = INCLUDE_SOURCE;
				MTL_FAST_MATH = YES;
				ONLY_ACTIVE_ARCH = YES;
				SDKROOT = iphoneos;
				SWIFT_ACTIVE_COMPILATION_CONDITIONS = DEBUG;
				SWIFT_OPTIMIZATION_LEVEL = "-Onone";
			};
			name = Debug;
		};
		BADF3CAA243D28AB0009EF1A /* Release */ = {
			isa = XCBuildConfiguration;
			buildSettings = {
				ALWAYS_SEARCH_USER_PATHS = NO;
				CLANG_ANALYZER_NONNULL = YES;
				CLANG_ANALYZER_NUMBER_OBJECT_CONVERSION = YES_AGGRESSIVE;
				CLANG_CXX_LANGUAGE_STANDARD = "gnu++14";
				CLANG_CXX_LIBRARY = "libc++";
				CLANG_ENABLE_MODULES = YES;
				CLANG_ENABLE_OBJC_ARC = YES;
				CLANG_ENABLE_OBJC_WEAK = YES;
				CLANG_WARN_BLOCK_CAPTURE_AUTORELEASING = YES;
				CLANG_WARN_BOOL_CONVERSION = YES;
				CLANG_WARN_COMMA = YES;
				CLANG_WARN_CONSTANT_CONVERSION = YES;
				CLANG_WARN_DEPRECATED_OBJC_IMPLEMENTATIONS = YES;
				CLANG_WARN_DIRECT_OBJC_ISA_USAGE = YES_ERROR;
				CLANG_WARN_DOCUMENTATION_COMMENTS = YES;
				CLANG_WARN_EMPTY_BODY = YES;
				CLANG_WARN_ENUM_CONVERSION = YES;
				CLANG_WARN_INFINITE_RECURSION = YES;
				CLANG_WARN_INT_CONVERSION = YES;
				CLANG_WARN_NON_LITERAL_NULL_CONVERSION = YES;
				CLANG_WARN_OBJC_IMPLICIT_RETAIN_SELF = YES;
				CLANG_WARN_OBJC_LITERAL_CONVERSION = YES;
				CLANG_WARN_OBJC_ROOT_CLASS = YES_ERROR;
				CLANG_WARN_RANGE_LOOP_ANALYSIS = YES;
				CLANG_WARN_STRICT_PROTOTYPES = YES;
				CLANG_WARN_SUSPICIOUS_MOVE = YES;
				CLANG_WARN_UNGUARDED_AVAILABILITY = YES_AGGRESSIVE;
				CLANG_WARN_UNREACHABLE_CODE = YES;
				CLANG_WARN__DUPLICATE_METHOD_MATCH = YES;
				COPY_PHASE_STRIP = NO;
				DEBUG_INFORMATION_FORMAT = "dwarf-with-dsym";
				ENABLE_NS_ASSERTIONS = NO;
				ENABLE_STRICT_OBJC_MSGSEND = YES;
				GCC_C_LANGUAGE_STANDARD = gnu11;
				GCC_NO_COMMON_BLOCKS = YES;
				GCC_WARN_64_TO_32_BIT_CONVERSION = YES;
				GCC_WARN_ABOUT_RETURN_TYPE = YES_ERROR;
				GCC_WARN_UNDECLARED_SELECTOR = YES;
				GCC_WARN_UNINITIALIZED_AUTOS = YES_AGGRESSIVE;
				GCC_WARN_UNUSED_FUNCTION = YES;
				GCC_WARN_UNUSED_VARIABLE = YES;
				IPHONEOS_DEPLOYMENT_TARGET = 13.2;
				MTL_ENABLE_DEBUG_INFO = NO;
				MTL_FAST_MATH = YES;
				SDKROOT = iphoneos;
				SWIFT_COMPILATION_MODE = wholemodule;
				SWIFT_OPTIMIZATION_LEVEL = "-O";
				VALIDATE_PRODUCT = YES;
			};
			name = Release;
		};
		BADF3CAC243D28AB0009EF1A /* Debug */ = {
			isa = XCBuildConfiguration;
			buildSettings = {
				ASSETCATALOG_COMPILER_APPICON_NAME = AppIcon;
				CODE_SIGN_STYLE = Automatic;
				INFOPLIST_FILE = "Unit 1 Lab/Info.plist";
				LD_RUNPATH_SEARCH_PATHS = (
					"$(inherited)",
					"@executable_path/Frameworks",
				);
				PRODUCT_BUNDLE_IDENTIFIER = "com.MingjiaWang.Unit-1-Lab";
				PRODUCT_NAME = "$(TARGET_NAME)";
				SWIFT_VERSION = 5.0;
				TARGETED_DEVICE_FAMILY = "1,2";
			};
			name = Debug;
		};
		BADF3CAD243D28AB0009EF1A /* Release */ = {
			isa = XCBuildConfiguration;
			buildSettings = {
				ASSETCATALOG_COMPILER_APPICON_NAME = AppIcon;
				CODE_SIGN_STYLE = Automatic;
				INFOPLIST_FILE = "Unit 1 Lab/Info.plist";
				LD_RUNPATH_SEARCH_PATHS = (
					"$(inherited)",
					"@executable_path/Frameworks",
				);
				PRODUCT_BUNDLE_IDENTIFIER = "com.MingjiaWang.Unit-1-Lab";
				PRODUCT_NAME = "$(TARGET_NAME)";
				SWIFT_VERSION = 5.0;
				TARGETED_DEVICE_FAMILY = "1,2";
			};
			name = Release;
		};
/* End XCBuildConfiguration section */

/* Begin XCConfigurationList section */
		BADF3C92243D28A90009EF1A /* Build configuration list for PBXProject "Unit 1 Lab" */ = {
			isa = XCConfigurationList;
			buildConfigurations = (
				BADF3CA9243D28AB0009EF1A /* Debug */,
				BADF3CAA243D28AB0009EF1A /* Release */,
			);
			defaultConfigurationIsVisible = 0;
			defaultConfigurationName = Release;
		};
		BADF3CAB243D28AB0009EF1A /* Build configuration list for PBXNativeTarget "Unit 1 Lab" */ = {
			isa = XCConfigurationList;
			buildConfigurations = (
				BADF3CAC243D28AB0009EF1A /* Debug */,
				BADF3CAD243D28AB0009EF1A /* Release */,
			);
			defaultConfigurationIsVisible = 0;
			defaultConfigurationName = Release;
		};
/* End XCConfigurationList section */
	};
	rootObject = BADF3C8F243D28A90009EF1A /* Project object */;
}
